
Microsoft Visual Studio Solution File, Format Version 12.00
# Visual Studio Version 16
VisualStudioVersion = 16.0.29123.88
MinimumVisualStudioVersion = 10.0.40219.1
Project("{FAE04EC0-301F-11D3-BF4B-00C04F79EFBC}") = "Issue726Test", "Issue726Test\Issue726Test.csproj", "{35FF1287-814D-4428-BB26-A6C67F95F778}"
EndProject
Global
	GlobalSection(SolutionConfigurationPlatforms) = preSolution
		Debug|Any CPU = Debug|Any CPU
		Release|Any CPU = Release|Any CPU
	EndGlobalSection
	GlobalSection(ProjectConfigurationPlatforms) = postSolution
		{35FF1287-814D-4428-BB26-A6C67F95F778}.Debug|Any CPU.ActiveCfg = Debug|Any CPU
		{35FF1287-814D-4428-BB26-A6C67F95F778}.Debug|Any CPU.Build.0 = Debug|Any CPU
		{35FF1287-814D-4428-BB26-A6C67F95F778}.Release|Any CPU.ActiveCfg = Release|Any CPU
		{35FF1287-814D-4428-BB26-A6C67F95F778}.Release|Any CPU.Build.0 = Release|Any CPU
	EndGlobalSection
	GlobalSection(SolutionProperties) = preSolution
		HideSolutionNode = FALSE
	EndGlobalSection
	GlobalSection(ExtensibilityGlobals) = postSolution
		SolutionGuid = {4D6A338A-BE41-4AFD-9576-60123C5BB4FD}
	EndGlobalSection
EndGlobal
